
Microsoft Visual Studio Solution File, Format Version 11.00
# Visual Studio 2010
Project("{FAE04EC0-301F-11D3-BF4B-00C04F79EFBC}") = "Coliber", "Coliber\Coliber.csproj", "{120616E2-E2BE-4F6E-AB74-2533D487C219}"
EndProject
Project("{54435603-DBB4-11D2-8724-00A0C9A8B90C}") = "Instalator", "Instalator\Instalator.vdproj", "{1F4536B9-E7AB-4FC2-A75E-20601AFDCBF3}"
EndProject
Global
	GlobalSection(SolutionConfigurationPlatforms) = preSolution
		Debug|Any CPU = Debug|Any CPU
		Release|Any CPU = Release|Any CPU
	EndGlobalSection
	GlobalSection(ProjectConfigurationPlatforms) = postSolution
		{120616E2-E2BE-4F6E-AB74-2533D487C219}.Debug|Any CPU.ActiveCfg = Debug|Any CPU
		{120616E2-E2BE-4F6E-AB74-2533D487C219}.Debug|Any CPU.Build.0 = Debug|Any CPU
		{120616E2-E2BE-4F6E-AB74-2533D487C219}.Release|Any CPU.ActiveCfg = Release|Any CPU
		{120616E2-E2BE-4F6E-AB74-2533D487C219}.Release|Any CPU.Build.0 = Release|Any CPU
		{1F4536B9-E7AB-4FC2-A75E-20601AFDCBF3}.Debug|Any CPU.ActiveCfg = Debug
		{1F4536B9-E7AB-4FC2-A75E-20601AFDCBF3}.Release|Any CPU.ActiveCfg = Release
		{1F4536B9-E7AB-4FC2-A75E-20601AFDCBF3}.Release|Any CPU.Build.0 = Release
	EndGlobalSection
EndGlobal
