
Microsoft Visual Studio Solution File, Format Version 12.00
# Visual Studio 15
VisualStudioVersion = 15.0.28010.2046
MinimumVisualStudioVersion = 10.0.40219.1
Project("{FAE04EC0-301F-11D3-BF4B-00C04F79EFBC}") = "Coliber", "Coliber.csproj", "{120616E2-E2BE-4F6E-AB74-2533D487C219}"
EndProject
Global
	GlobalSection(SolutionConfigurationPlatforms) = preSolution
		Debug|Any CPU = Debug|Any CPU
		Release|Any CPU = Release|Any CPU
	EndGlobalSection
	GlobalSection(ProjectConfigurationPlatforms) = postSolution
		{120616E2-E2BE-4F6E-AB74-2533D487C219}.Debug|Any CPU.ActiveCfg = Debug|Any CPU
		{120616E2-E2BE-4F6E-AB74-2533D487C219}.Debug|Any CPU.Build.0 = Debug|Any CPU
		{120616E2-E2BE-4F6E-AB74-2533D487C219}.Release|Any CPU.ActiveCfg = Release|Any CPU
		{120616E2-E2BE-4F6E-AB74-2533D487C219}.Release|Any CPU.Build.0 = Release|Any CPU
	EndGlobalSection
	GlobalSection(SolutionProperties) = preSolution
		HideSolutionNode = FALSE
	EndGlobalSection
	GlobalSection(ExtensibilityGlobals) = postSolution
		SolutionGuid = {39E860E7-8313-4AFC-A813-4545756DE7DF}
	EndGlobalSection
EndGlobal
